
Microsoft Visual Studio Solution File, Format Version 12.00
# Visual Studio Version 16
VisualStudioVersion = 16.0.30413.136
MinimumVisualStudioVersion = 10.0.40219.1
Project("{FAE04EC0-301F-11D3-BF4B-00C04F79EFBC}") = "ADS_Aula_13_10_A", "ADS_Aula_13_10_A\ADS_Aula_13_10_A.csproj", "{C6828653-D3AA-4CD4-BF7D-C696775EE406}"
EndProject
Global
	GlobalSection(SolutionConfigurationPlatforms) = preSolution
		Debug|Any CPU = Debug|Any CPU
		Release|Any CPU = Release|Any CPU
	EndGlobalSection
	GlobalSection(ProjectConfigurationPlatforms) = postSolution
		{C6828653-D3AA-4CD4-BF7D-C696775EE406}.Debug|Any CPU.ActiveCfg = Debug|Any CPU
		{C6828653-D3AA-4CD4-BF7D-C696775EE406}.Debug|Any CPU.Build.0 = Debug|Any CPU
		{C6828653-D3AA-4CD4-BF7D-C696775EE406}.Release|Any CPU.ActiveCfg = Release|Any CPU
		{C6828653-D3AA-4CD4-BF7D-C696775EE406}.Release|Any CPU.Build.0 = Release|Any CPU
	EndGlobalSection
	GlobalSection(SolutionProperties) = preSolution
		HideSolutionNode = FALSE
	EndGlobalSection
	GlobalSection(ExtensibilityGlobals) = postSolution
		SolutionGuid = {2486CAAF-2F18-4A26-91E1-495E7D8C241E}
	EndGlobalSection
EndGlobal
